
Microsoft Visual Studio Solution File, Format Version 12.00
# Visual Studio Version 16
VisualStudioVersion = 16.0.30503.244
MinimumVisualStudioVersion = 10.0.40219.1
Project("{FAE04EC0-301F-11D3-BF4B-00C04F79EFBC}") = "EmployeeWageProblemV2", "EmployeeWageProblemV2\EmployeeWageProblemV2.csproj", "{C5829915-FD9E-47D8-B3B6-9EEDF02097EE}"
EndProject
Global
	GlobalSection(SolutionConfigurationPlatforms) = preSolution
		Debug|Any CPU = Debug|Any CPU
		Release|Any CPU = Release|Any CPU
	EndGlobalSection
	GlobalSection(ProjectConfigurationPlatforms) = postSolution
		{C5829915-FD9E-47D8-B3B6-9EEDF02097EE}.Debug|Any CPU.ActiveCfg = Debug|Any CPU
		{C5829915-FD9E-47D8-B3B6-9EEDF02097EE}.Debug|Any CPU.Build.0 = Debug|Any CPU
		{C5829915-FD9E-47D8-B3B6-9EEDF02097EE}.Release|Any CPU.ActiveCfg = Release|Any CPU
		{C5829915-FD9E-47D8-B3B6-9EEDF02097EE}.Release|Any CPU.Build.0 = Release|Any CPU
	EndGlobalSection
	GlobalSection(SolutionProperties) = preSolution
		HideSolutionNode = FALSE
	EndGlobalSection
	GlobalSection(ExtensibilityGlobals) = postSolution
		SolutionGuid = {38F8237B-6CDC-4FF8-A05E-AAFA053E423E}
	EndGlobalSection
EndGlobal
